# THIS IS AN AUTOGENERATED FILE. DO NOT EDIT THIS FILE DIRECTLY.
# yarn lockfile v1


semver@^6.3.0:
  version "6.3.0"
  resolved "https://registry.yarnpkg.com/semver/-/semver-6.3.0.tgz#ee0a64c8af5e8ceea67687b133761e1becbd1d3d"
  integrity sha512-b39TBaTSfV6yBrapU89p5fKekE2m/NwnDocOVruQFS1/veMgdzuPcnOM34M6CwxW8jH/lxEa5rBoDeUwu5HHTw==

vscode-jsonrpc@^5.0.0:
  version "5.0.0"
  resolved "https://registry.yarnpkg.com/vscode-jsonrpc/-/vscode-jsonrpc-5.0.0.tgz#445be9fb404e2793a91b9c0cef3c52dec3e02b89"
  integrity sha512-QeAniC/xTWauVQgyNgEqNJ0Qm/Jw8QySGRQhRFPwb8c4FPp9k6QNgJp0ayXWws5qhdaHkiXkGPlzjOPZFQQKLw==

vscode-languageclient@6.0.0:
  version "6.0.0"
  resolved "https://registry.yarnpkg.com/vscode-languageclient/-/vscode-languageclient-6.0.0.tgz#777a90ca399c4a4d942b3012c0ad2ec47409c4e5"
  integrity sha512-6MDksAP79GRbcHFsXS6ndo12s0m/h7eNdS/IanRgWxaezqB4a4KzHIHrE0bE+nSFB+snaSToGs1bxnPeKdO5fQ==
  dependencies:
    semver "^6.3.0"
    vscode-languageserver-protocol "^3.15.0"

vscode-languageserver-protocol@^3.15.0:
  version "3.15.0"
  resolved "https://registry.yarnpkg.com/vscode-languageserver-protocol/-/vscode-languageserver-protocol-3.15.0.tgz#7f306dc337a72e4d84882bd952db51e084fef8fe"
  integrity sha512-PZEopQzHR3Lo422HeDxCpGN0sYz+kReO+du3F/AcFT1cCPunoVsDJv7ikEolFRKEn+hEIZiAaIX4yoSZ+ip5Nw==
  dependencies:
    vscode-jsonrpc "^5.0.0"
    vscode-languageserver-types "3.15.0"

vscode-languageserver-types@3.15.0:
  version "3.15.0"
  resolved "https://registry.yarnpkg.com/vscode-languageserver-types/-/vscode-languageserver-types-3.15.0.tgz#c45a23308ec0967135c483b759dfaf97978d9e0a"
  integrity sha512-AXteNagMhBWnZ6gNN0UB4HTiD/7TajgfHl6jaM6O7qz3zDJw0H3Jf83w05phihnBRCML+K6Ockh8f8bL0OObPw==
