# THIS IS AN AUTOGENERATED FILE. DO NOT EDIT THIS FILE DIRECTLY.
# yarn lockfile v1


semver@^6.3.0:
  version "6.3.0"
  resolved "https://registry.yarnpkg.com/semver/-/semver-6.3.0.tgz#ee0a64c8af5e8ceea67687b133761e1becbd1d3d"
  integrity sha512-b39TBaTSfV6yBrapU89p5fKekE2m/NwnDocOVruQFS1/veMgdzuPcnOM34M6CwxW8jH/lxEa5rBoDeUwu5HHTw==

vscode-jsonrpc@^5.0.1:
  version "5.0.1"
  resolved "https://registry.yarnpkg.com/vscode-jsonrpc/-/vscode-jsonrpc-5.0.1.tgz#9bab9c330d89f43fc8c1e8702b5c36e058a01794"
  integrity sha512-JvONPptw3GAQGXlVV2utDcHx0BiY34FupW/kI6mZ5x06ER5DdPG/tXWMVHjTNULF5uKPOUUD0SaXg5QaubJL0A==

vscode-languageclient@6.1.0:
  version "6.1.0"
  resolved "https://registry.yarnpkg.com/vscode-languageclient/-/vscode-languageclient-6.1.0.tgz#ee67c0b7818c42ce0281572d05c89adfcc4f5a38"
  integrity sha512-Tcp0VoOaa0YzxL4nEfK9tsmcy76Eo8jNLvFQZwh2c8oMm02luL8uGYPLQNAiZ3XGgegfcwiQFZMqbW7DNV0vxA==
  dependencies:
    semver "^6.3.0"
    vscode-languageserver-protocol "^3.15.2"

vscode-languageserver-protocol@^3.15.2:
  version "3.15.2"
  resolved "https://registry.yarnpkg.com/vscode-languageserver-protocol/-/vscode-languageserver-protocol-3.15.2.tgz#e52c62923140b2655ad2472f6f29cfb83bacf5b8"
  integrity sha512-GdL05JKOgZ76RDg3suiGCl9enESM7iQgGw4x93ibTh4sldvZmakHmTeZ4iUApPPGKf6O3OVBtrsksBXnHYaxNg==
  dependencies:
    vscode-jsonrpc "^5.0.1"
    vscode-languageserver-types "3.15.1"

vscode-languageserver-types@3.15.1:
  version "3.15.1"
  resolved "https://registry.yarnpkg.com/vscode-languageserver-types/-/vscode-languageserver-types-3.15.1.tgz#17be71d78d2f6236d414f0001ce1ef4d23e6b6de"
  integrity sha512-+a9MPUQrNGRrGU630OGbYVQ+11iOIovjCkqxajPa9w57Sd5ruK8WQNsslzpa0x/QJqC8kRc2DUxWjIFwoNm4ZQ==
