# THIS IS AN AUTOGENERATED FILE. DO NOT EDIT THIS FILE DIRECTLY.
# yarn lockfile v1


semver@^6.3.0:
  version "6.3.0"
  resolved "https://registry.yarnpkg.com/semver/-/semver-6.3.0.tgz#ee0a64c8af5e8ceea67687b133761e1becbd1d3d"
  integrity sha512-b39TBaTSfV6yBrapU89p5fKekE2m/NwnDocOVruQFS1/veMgdzuPcnOM34M6CwxW8jH/lxEa5rBoDeUwu5HHTw==

vscode-jsonrpc@^5.0.1:
  version "5.0.1"
  resolved "https://registry.yarnpkg.com/vscode-jsonrpc/-/vscode-jsonrpc-5.0.1.tgz#9bab9c330d89f43fc8c1e8702b5c36e058a01794"
  integrity sha512-JvONPptw3GAQGXlVV2utDcHx0BiY34FupW/kI6mZ5x06ER5DdPG/tXWMVHjTNULF5uKPOUUD0SaXg5QaubJL0A==

vscode-languageclient@6.0.1:
  version "6.0.1"
  resolved "https://registry.yarnpkg.com/vscode-languageclient/-/vscode-languageclient-6.0.1.tgz#acd138e0a19a40c5788365e882ae11c164d9a460"
  integrity sha512-7yZaSHichTJEyOJykI2RLQEECf9MqNLoklzC/1OVi/M8ioIsWQ1+lkN1nTsUhd6+F7p9ar9dNmPiEhL0i5uUBA==
  dependencies:
    semver "^6.3.0"
    vscode-languageserver-protocol "^3.15.1"

vscode-languageserver-protocol@^3.15.1:
  version "3.15.1"
  resolved "https://registry.yarnpkg.com/vscode-languageserver-protocol/-/vscode-languageserver-protocol-3.15.1.tgz#7555e595f0058b9a166f14605ad039e97fab320a"
  integrity sha512-wJAo06VM9ZBnRqslplDjfz6Tdive0O7z44yNxBFA3x0/YZkXBIL6I+9rwQ/9Y//0X0eCh12FQrj+KmEXf2L5eA==
  dependencies:
    vscode-jsonrpc "^5.0.1"
    vscode-languageserver-types "3.15.0"

vscode-languageserver-types@3.15.0:
  version "3.15.0"
  resolved "https://registry.yarnpkg.com/vscode-languageserver-types/-/vscode-languageserver-types-3.15.0.tgz#c45a23308ec0967135c483b759dfaf97978d9e0a"
  integrity sha512-AXteNagMhBWnZ6gNN0UB4HTiD/7TajgfHl6jaM6O7qz3zDJw0H3Jf83w05phihnBRCML+K6Ockh8f8bL0OObPw==
