# THIS IS AN AUTOGENERATED FILE. DO NOT EDIT THIS FILE DIRECTLY.
# yarn lockfile v1


"@types/minimist@^1.1.29":
  version "1.2.0"
  resolved "https://registry.yarnpkg.com/@types/minimist/-/minimist-1.2.0.tgz#69a23a3ad29caf0097f06eda59b361ee2f0639f6"

"@types/node@0.0.2":
  version "0.0.2"
  resolved "https://registry.yarnpkg.com/@types/node/-/node-0.0.2.tgz#0da4934902fbf68a97a0f53204a35ad2224917bc"

minimist@^1.2.0:
  version "1.2.0"
  resolved "https://registry.yarnpkg.com/minimist/-/minimist-1.2.0.tgz#a35008b20f41383eec1fb914f4cd5df79a264284"

typescript@^2.1.4:
  version "2.4.2"
  resolved "https://registry.yarnpkg.com/typescript/-/typescript-2.4.2.tgz#f8395f85d459276067c988aa41837a8f82870844"

vscode-jsonrpc@^3.3.1:
  version "3.3.1"
  resolved "https://registry.yarnpkg.com/vscode-jsonrpc/-/vscode-jsonrpc-3.3.1.tgz#b7857be58b97af664a8cdd071c91891d6c7d6a67"
