lockfileVersion: '9.0'

settings:
  autoInstallPeers: true
  excludeLinksFromLockfile: false

importers:

  .:
    dependencies:
      '@angular/common':
        specifier: 18.2.13
        version: 18.2.13(@angular/core@18.2.13(rxjs@7.8.2)(zone.js@0.14.10))(rxjs@7.8.2)
      '@angular/core':
        specifier: 18.2.13
        version: 18.2.13(rxjs@7.8.2)(zone.js@0.14.10)

packages:

  '@angular/common@18.2.13':
    resolution: {integrity: sha512-4ZqrNp1PoZo7VNvW+sbSc2CB2axP1sCH2wXl8B0wdjsj8JY1hF1OhuugwhpAHtGxqewed2kCXayE+ZJqSTV4jw==}
    engines: {node: ^18.19.1 || ^20.11.1 || >=22.0.0}
    peerDependencies:
      '@angular/core': 18.2.13
      rxjs: ^6.5.3 || ^7.4.0

  '@angular/core@18.2.13':
    resolution: {integrity: sha512-8mbWHMgO95OuFV1Ejy4oKmbe9NOJ3WazQf/f7wks8Bck7pcihd0IKhlPBNjFllbF5o+04EYSwFhEtvEgjMDClA==}
    engines: {node: ^18.19.1 || ^20.11.1 || >=22.0.0}
    peerDependencies:
      rxjs: ^6.5.3 || ^7.4.0
      zone.js: ~0.14.10

  rxjs@7.8.2:
    resolution: {integrity: sha512-dhKf903U/PQZY6boNNtAGdWbG85WAbjT/1xYoZIC7FAY0yWapOBQVsVrDl58W86//e1VpMNBtRV4MaXfdMySFA==}

  tslib@2.8.1:
    resolution: {integrity: sha512-oJFu94HQb+KVduSUQL7wnpmqnfmLsOA/nAh6b6EH0wCEoK0/mPeXU6c3wKDV83MkOuHPRHtSXKKU99IBazS/2w==}

  zone.js@0.14.10:
    resolution: {integrity: sha512-YGAhaO7J5ywOXW6InXNlLmfU194F8lVgu7bRntUF3TiG8Y3nBK0x1UJJuHUP/e8IyihkjCYqhCScpSwnlaSRkQ==}

snapshots:

  '@angular/common@18.2.13(@angular/core@18.2.13(rxjs@7.8.2)(zone.js@0.14.10))(rxjs@7.8.2)':
    dependencies:
      '@angular/core': 18.2.13(rxjs@7.8.2)(zone.js@0.14.10)
      rxjs: 7.8.2
      tslib: 2.8.1

  '@angular/core@18.2.13(rxjs@7.8.2)(zone.js@0.14.10)':
    dependencies:
      rxjs: 7.8.2
      tslib: 2.8.1
      zone.js: 0.14.10

  rxjs@7.8.2:
    dependencies:
      tslib: 2.8.1

  tslib@2.8.1: {}

  zone.js@0.14.10: {}
