lockfileVersion: '9.0'

settings:
  autoInstallPeers: true
  excludeLinksFromLockfile: false

importers:

  .:
    dependencies:
      '@angular/common':
        specifier: 20.2.0-next.6
        version: 20.2.0-next.6(@angular/core@20.2.0-next.6(rxjs@7.8.2))(rxjs@7.8.2)
      '@angular/core':
        specifier: 20.2.0-next.6
        version: 20.2.0-next.6(rxjs@7.8.2)

packages:

  '@angular/common@20.2.0-next.6':
    resolution: {integrity: sha512-ziIBH2iaO2edt/oQyiNTfZWVqn6o599I185Jm6Nxdahd+4MC1ZO1CjCsPYYvk67e0/JhJ76ADhumLSPeknVTbQ==}
    engines: {node: ^20.19.0 || ^22.12.0 || >=24.0.0}
    peerDependencies:
      '@angular/core': 20.2.0-next.6
      rxjs: ^6.5.3 || ^7.4.0

  '@angular/core@20.2.0-next.6':
    resolution: {integrity: sha512-vR0y8R/uCllkdv2bucj1J5/Bed2wDgRoj6+644ybhk2qwjLWiSisZ9Tk8vc8F9GFrpF5jEt8vkMHf7u3AVq4xA==}
    engines: {node: ^20.19.0 || ^22.12.0 || >=24.0.0}
    peerDependencies:
      '@angular/compiler': 20.2.0-next.6
      rxjs: ^6.5.3 || ^7.4.0
      zone.js: ~0.15.0
    peerDependenciesMeta:
      '@angular/compiler':
        optional: true
      zone.js:
        optional: true

  rxjs@7.8.2:
    resolution: {integrity: sha512-dhKf903U/PQZY6boNNtAGdWbG85WAbjT/1xYoZIC7FAY0yWapOBQVsVrDl58W86//e1VpMNBtRV4MaXfdMySFA==}

  tslib@2.8.1:
    resolution: {integrity: sha512-oJFu94HQb+KVduSUQL7wnpmqnfmLsOA/nAh6b6EH0wCEoK0/mPeXU6c3wKDV83MkOuHPRHtSXKKU99IBazS/2w==}

snapshots:

  '@angular/common@20.2.0-next.6(@angular/core@20.2.0-next.6(rxjs@7.8.2))(rxjs@7.8.2)':
    dependencies:
      '@angular/core': 20.2.0-next.6(rxjs@7.8.2)
      rxjs: 7.8.2
      tslib: 2.8.1

  '@angular/core@20.2.0-next.6(rxjs@7.8.2)':
    dependencies:
      rxjs: 7.8.2
      tslib: 2.8.1

  rxjs@7.8.2:
    dependencies:
      tslib: 2.8.1

  tslib@2.8.1: {}
