lockfileVersion: '9.0'

settings:
  autoInstallPeers: true
  excludeLinksFromLockfile: false

importers:

  .:
    dependencies:
      '@angular/common':
        specifier: 20.2.0-next.0
        version: 20.2.0-next.0(@angular/core@20.2.0-next.0(rxjs@7.8.2))(rxjs@7.8.2)
      '@angular/core':
        specifier: 20.2.0-next.0
        version: 20.2.0-next.0(rxjs@7.8.2)

packages:

  '@angular/common@20.2.0-next.0':
    resolution: {integrity: sha512-yRS4zZvbg2RPPDV+biq0wjZluUbYRV0MLzgHe/2COQyPEaqMukqSGlYlmm30/YWQ9qcp7W0/SbVyAcyqWgoa0w==}
    engines: {node: ^20.19.0 || ^22.12.0 || >=24.0.0}
    peerDependencies:
      '@angular/core': 20.2.0-next.0
      rxjs: ^6.5.3 || ^7.4.0

  '@angular/core@20.2.0-next.0':
    resolution: {integrity: sha512-cvtCuoENQYxliuXsIiYKXau8/AhVwMalTe0yh/YQ0fBU8ofVQBsyMQFicxLAtv9PFShphXKrPTE/mBmkRZkpCw==}
    engines: {node: ^20.19.0 || ^22.12.0 || >=24.0.0}
    peerDependencies:
      '@angular/compiler': 20.2.0-next.0
      rxjs: ^6.5.3 || ^7.4.0
      zone.js: ~0.15.0
    peerDependenciesMeta:
      '@angular/compiler':
        optional: true
      zone.js:
        optional: true

  rxjs@7.8.2:
    resolution: {integrity: sha512-dhKf903U/PQZY6boNNtAGdWbG85WAbjT/1xYoZIC7FAY0yWapOBQVsVrDl58W86//e1VpMNBtRV4MaXfdMySFA==}

  tslib@2.8.1:
    resolution: {integrity: sha512-oJFu94HQb+KVduSUQL7wnpmqnfmLsOA/nAh6b6EH0wCEoK0/mPeXU6c3wKDV83MkOuHPRHtSXKKU99IBazS/2w==}

snapshots:

  '@angular/common@20.2.0-next.0(@angular/core@20.2.0-next.0(rxjs@7.8.2))(rxjs@7.8.2)':
    dependencies:
      '@angular/core': 20.2.0-next.0(rxjs@7.8.2)
      rxjs: 7.8.2
      tslib: 2.8.1

  '@angular/core@20.2.0-next.0(rxjs@7.8.2)':
    dependencies:
      rxjs: 7.8.2
      tslib: 2.8.1

  rxjs@7.8.2:
    dependencies:
      tslib: 2.8.1

  tslib@2.8.1: {}
