# THIS IS AN AUTOGENERATED FILE. DO NOT EDIT THIS FILE DIRECTLY.
# yarn lockfile v1


"@angular/core@9.0.7":
  version "9.0.7"
  resolved "https://registry.yarnpkg.com/@angular/core/-/core-9.0.7.tgz#f75f4ed8ea721f44c9df77502fd114a88db988e3"
  integrity sha512-E9XZH5Dl+9MWG3MDC6wrKllhA8Rljpz66HOIeqKv2fHPed8kzuJZU3WJWLtbhDAXFwtGTyTZ4c82ZLSmqwTorg==

rxjs@6.5.4:
  version "6.5.4"
  resolved "https://registry.yarnpkg.com/rxjs/-/rxjs-6.5.4.tgz#e0777fe0d184cec7872df147f303572d414e211c"
  integrity sha512-naMQXcgEo3csAEGvw/NydRA0fuS2nDZJiw1YUWFKU7aPPAPGZEsD4Iimit96qwCieH6y614MCLYwdkrWx7z/7Q==
  dependencies:
    tslib "^1.9.0"

tslib@^1.9.0:
  version "1.10.0"
  resolved "https://registry.yarnpkg.com/tslib/-/tslib-1.10.0.tgz#c3c19f95973fb0a62973fb09d90d961ee43e5c8a"
  integrity sha512-qOebF53frne81cf0S9B41ByenJ3/IuH8yJKngAX35CmiZySA0khhkovshKK+jGCaMnVomla7gVlIcc3EvKPbTQ==

zone.js@0.10.3:
  version "0.10.3"
  resolved "https://registry.yarnpkg.com/zone.js/-/zone.js-0.10.3.tgz#3e5e4da03c607c9dcd92e37dd35687a14a140c16"
  integrity sha512-LXVLVEq0NNOqK/fLJo3d0kfzd4sxwn2/h67/02pjCjfKDxgx1i9QqpvtHD8CrBnSSwMw5+dy11O7FRX5mkO7Cg==
