# THIS IS AN AUTOGENERATED FILE. DO NOT EDIT THIS FILE DIRECTLY.
# yarn lockfile v1


"@angular/core@10.0.5":
  version "10.0.5"
  resolved "https://registry.yarnpkg.com/@angular/core/-/core-10.0.5.tgz#52a11d1b6ce065f6c26d919ab3bea233f51902be"
  integrity sha512-zoIxIi/UaRImeC1uD+eIKrdcihvQR/zfbqKgK67IPy/tghijxge1Tbl8FWIAT0ncAj0XH/JHsWnVdUV/TUI+CA==
  dependencies:
    tslib "^2.0.0"

rxjs@6.6.0:
  version "6.6.0"
  resolved "https://registry.yarnpkg.com/rxjs/-/rxjs-6.6.0.tgz#af2901eedf02e3a83ffa7f886240ff9018bbec84"
  integrity sha512-3HMA8z/Oz61DUHe+SdOiQyzIf4tOx5oQHmMir7IZEu6TMqCLHT4LRcmNaUS0NwOz8VLvmmBduMsoaUvMaIiqzg==
  dependencies:
    tslib "^1.9.0"

tslib@^1.9.0:
  version "1.10.0"
  resolved "https://registry.yarnpkg.com/tslib/-/tslib-1.10.0.tgz#c3c19f95973fb0a62973fb09d90d961ee43e5c8a"
  integrity sha512-qOebF53frne81cf0S9B41ByenJ3/IuH8yJKngAX35CmiZySA0khhkovshKK+jGCaMnVomla7gVlIcc3EvKPbTQ==

tslib@^2.0.0:
  version "2.0.0"
  resolved "https://registry.yarnpkg.com/tslib/-/tslib-2.0.0.tgz#18d13fc2dce04051e20f074cc8387fd8089ce4f3"
  integrity sha512-lTqkx847PI7xEDYJntxZH89L2/aXInsyF2luSafe/+0fHOMjlBNXdH6th7f70qxLDhul7KZK0zC8V5ZIyHl0/g==

zone.js@0.10.3:
  version "0.10.3"
  resolved "https://registry.yarnpkg.com/zone.js/-/zone.js-0.10.3.tgz#3e5e4da03c607c9dcd92e37dd35687a14a140c16"
  integrity sha512-LXVLVEq0NNOqK/fLJo3d0kfzd4sxwn2/h67/02pjCjfKDxgx1i9QqpvtHD8CrBnSSwMw5+dy11O7FRX5mkO7Cg==
