# THIS IS AN AUTOGENERATED FILE. DO NOT EDIT THIS FILE DIRECTLY.
# yarn lockfile v1


"@angular/language-service@9.0.0-rc.10":
  version "9.0.0-rc.10"
  resolved "https://registry.yarnpkg.com/@angular/language-service/-/language-service-9.0.0-rc.10.tgz#e03c10d7c9ec3b99cab19af36c43fe9f3b2e36b8"
  integrity sha512-EwKBSJIYzPQJDnWs0+EktfWTX03cBDHOvwyMZJDZPqexSAhMPNmKRhoFxy40SDv8d28afu9TdbbgcO98BdFQ9g==

vscode-jsonrpc@^5.0.0:
  version "5.0.0"
  resolved "https://registry.yarnpkg.com/vscode-jsonrpc/-/vscode-jsonrpc-5.0.0.tgz#445be9fb404e2793a91b9c0cef3c52dec3e02b89"
  integrity sha512-QeAniC/xTWauVQgyNgEqNJ0Qm/Jw8QySGRQhRFPwb8c4FPp9k6QNgJp0ayXWws5qhdaHkiXkGPlzjOPZFQQKLw==

vscode-languageserver-protocol@^3.15.0:
  version "3.15.0"
  resolved "https://registry.yarnpkg.com/vscode-languageserver-protocol/-/vscode-languageserver-protocol-3.15.0.tgz#7f306dc337a72e4d84882bd952db51e084fef8fe"
  integrity sha512-PZEopQzHR3Lo422HeDxCpGN0sYz+kReO+du3F/AcFT1cCPunoVsDJv7ikEolFRKEn+hEIZiAaIX4yoSZ+ip5Nw==
  dependencies:
    vscode-jsonrpc "^5.0.0"
    vscode-languageserver-types "3.15.0"

vscode-languageserver-types@3.15.0:
  version "3.15.0"
  resolved "https://registry.yarnpkg.com/vscode-languageserver-types/-/vscode-languageserver-types-3.15.0.tgz#c45a23308ec0967135c483b759dfaf97978d9e0a"
  integrity sha512-AXteNagMhBWnZ6gNN0UB4HTiD/7TajgfHl6jaM6O7qz3zDJw0H3Jf83w05phihnBRCML+K6Ockh8f8bL0OObPw==

vscode-languageserver@6.0.0:
  version "6.0.0"
  resolved "https://registry.yarnpkg.com/vscode-languageserver/-/vscode-languageserver-6.0.0.tgz#4b6fa593422a68bab3c5e92f1d50af3a7cb770f8"
  integrity sha512-QihKytod/PApM+wU9qmjxjGT+p4vYDJCbMcdwol55QeE80DCMyls6yxJzTn8SNCNpP4JZin8SIZp1zpumfktQg==
  dependencies:
    vscode-languageserver-protocol "^3.15.0"

vscode-uri@2.1.1:
  version "2.1.1"
  resolved "https://registry.yarnpkg.com/vscode-uri/-/vscode-uri-2.1.1.tgz#5aa1803391b6ebdd17d047f51365cf62c38f6e90"
  integrity sha512-eY9jmGoEnVf8VE8xr5znSah7Qt1P/xsCdErz+g8HYZtJ7bZqKH5E3d+6oVNm1AC/c6IHUDokbmVXKOi4qPAC9A==
