# THIS IS AN AUTOGENERATED FILE. DO NOT EDIT THIS FILE DIRECTLY.
# yarn lockfile v1


"@angular/language-service@9.0.0":
  version "9.0.0"
  resolved "https://registry.yarnpkg.com/@angular/language-service/-/language-service-9.0.0.tgz#24ba63ae5db566b70f7c40bb148dc37a77aaa373"
  integrity sha512-tOMtXY8DFpTWMF77BOTXZmMMtqvdy6fbyOkJSccn6VatcPrNXOs5rKur+KNwdSlK+djjss6Y+LA8fQAvjNvUqw==

vscode-jsonrpc@^5.0.1:
  version "5.0.1"
  resolved "https://registry.yarnpkg.com/vscode-jsonrpc/-/vscode-jsonrpc-5.0.1.tgz#9bab9c330d89f43fc8c1e8702b5c36e058a01794"
  integrity sha512-JvONPptw3GAQGXlVV2utDcHx0BiY34FupW/kI6mZ5x06ER5DdPG/tXWMVHjTNULF5uKPOUUD0SaXg5QaubJL0A==

vscode-languageserver-protocol@^3.15.2:
  version "3.15.2"
  resolved "https://registry.yarnpkg.com/vscode-languageserver-protocol/-/vscode-languageserver-protocol-3.15.2.tgz#e52c62923140b2655ad2472f6f29cfb83bacf5b8"
  integrity sha512-GdL05JKOgZ76RDg3suiGCl9enESM7iQgGw4x93ibTh4sldvZmakHmTeZ4iUApPPGKf6O3OVBtrsksBXnHYaxNg==
  dependencies:
    vscode-jsonrpc "^5.0.1"
    vscode-languageserver-types "3.15.1"

vscode-languageserver-types@3.15.1:
  version "3.15.1"
  resolved "https://registry.yarnpkg.com/vscode-languageserver-types/-/vscode-languageserver-types-3.15.1.tgz#17be71d78d2f6236d414f0001ce1ef4d23e6b6de"
  integrity sha512-+a9MPUQrNGRrGU630OGbYVQ+11iOIovjCkqxajPa9w57Sd5ruK8WQNsslzpa0x/QJqC8kRc2DUxWjIFwoNm4ZQ==

vscode-languageserver@6.1.0:
  version "6.1.0"
  resolved "https://registry.yarnpkg.com/vscode-languageserver/-/vscode-languageserver-6.1.0.tgz#f0ff149b06d1961f49ed03385ecc2a96bcaddcde"
  integrity sha512-Q5kUJegYclTZMnKUaEcxJK41Ozp6qJhhoFJYj0w8y8j9JXdKT479LE945QCKRvSgWfsqTSUmgsozVTUIwQQxHw==
  dependencies:
    vscode-languageserver-protocol "^3.15.2"

vscode-uri@2.1.1:
  version "2.1.1"
  resolved "https://registry.yarnpkg.com/vscode-uri/-/vscode-uri-2.1.1.tgz#5aa1803391b6ebdd17d047f51365cf62c38f6e90"
  integrity sha512-eY9jmGoEnVf8VE8xr5znSah7Qt1P/xsCdErz+g8HYZtJ7bZqKH5E3d+6oVNm1AC/c6IHUDokbmVXKOi4qPAC9A==
